
Microsoft Visual Studio Solution File, Format Version 12.00
Project("{FAE04EC0-301F-11D3-BF4B-00C04F79EFBC}") = "TaskTrackingAPI", "TaskTrackingAPI\TaskTrackingAPI.csproj", "{D3FE5BF0-857B-4AA7-9BF2-A365871747C6}"
EndProject
Project("{FAE04EC0-301F-11D3-BF4B-00C04F79EFBC}") = "TaskTrackingDB", "TaskTrackingDB\TaskTrackingDB.csproj", "{5F283C53-AAF4-4D76-B643-CA3695B54CB0}"
EndProject
Project("{FAE04EC0-301F-11D3-BF4B-00C04F79EFBC}") = "TaskTrackingServer", "TaskTrackingServer\TaskTrackingServer.csproj", "{5DBC2BD8-C66C-4714-A5A2-F6021F65F284}"
EndProject
Project("{FAE04EC0-301F-11D3-BF4B-00C04F79EFBC}") = "SMTPServer", "SMTPServer\SMTPServer.csproj", "{A567735D-A612-4B84-A59B-8C04D61958D0}"
EndProject
Global
	GlobalSection(SolutionConfigurationPlatforms) = preSolution
		Debug|Any CPU = Debug|Any CPU
		Release|Any CPU = Release|Any CPU
	EndGlobalSection
	GlobalSection(ProjectConfigurationPlatforms) = postSolution
		{D3FE5BF0-857B-4AA7-9BF2-A365871747C6}.Debug|Any CPU.ActiveCfg = Debug|Any CPU
		{D3FE5BF0-857B-4AA7-9BF2-A365871747C6}.Debug|Any CPU.Build.0 = Debug|Any CPU
		{D3FE5BF0-857B-4AA7-9BF2-A365871747C6}.Release|Any CPU.ActiveCfg = Release|Any CPU
		{D3FE5BF0-857B-4AA7-9BF2-A365871747C6}.Release|Any CPU.Build.0 = Release|Any CPU
		{5F283C53-AAF4-4D76-B643-CA3695B54CB0}.Debug|Any CPU.ActiveCfg = Debug|Any CPU
		{5F283C53-AAF4-4D76-B643-CA3695B54CB0}.Debug|Any CPU.Build.0 = Debug|Any CPU
		{5F283C53-AAF4-4D76-B643-CA3695B54CB0}.Release|Any CPU.ActiveCfg = Release|Any CPU
		{5F283C53-AAF4-4D76-B643-CA3695B54CB0}.Release|Any CPU.Build.0 = Release|Any CPU
		{5DBC2BD8-C66C-4714-A5A2-F6021F65F284}.Debug|Any CPU.ActiveCfg = Debug|Any CPU
		{5DBC2BD8-C66C-4714-A5A2-F6021F65F284}.Debug|Any CPU.Build.0 = Debug|Any CPU
		{5DBC2BD8-C66C-4714-A5A2-F6021F65F284}.Release|Any CPU.ActiveCfg = Release|Any CPU
		{5DBC2BD8-C66C-4714-A5A2-F6021F65F284}.Release|Any CPU.Build.0 = Release|Any CPU
		{A567735D-A612-4B84-A59B-8C04D61958D0}.Debug|Any CPU.ActiveCfg = Debug|Any CPU
		{A567735D-A612-4B84-A59B-8C04D61958D0}.Debug|Any CPU.Build.0 = Debug|Any CPU
		{A567735D-A612-4B84-A59B-8C04D61958D0}.Release|Any CPU.ActiveCfg = Release|Any CPU
		{A567735D-A612-4B84-A59B-8C04D61958D0}.Release|Any CPU.Build.0 = Release|Any CPU
	EndGlobalSection
EndGlobal
